
Microsoft Visual Studio Solution File, Format Version 12.00
# Visual Studio Version 17
VisualStudioVersion = 17.3.32929.385
MinimumVisualStudioVersion = 10.0.40219.1
Project("{9A19103F-16F7-4668-BE54-9A1E7A4F7556}") = "MeetingManagement.WebApp", "MeetingManagement.WebApp\MeetingManagement.WebApp.csproj", "{9301EDD7-407F-4DF9-8E67-18E092076D85}"
EndProject
Project("{9A19103F-16F7-4668-BE54-9A1E7A4F7556}") = "MeetingManagement.Application", "MeetingManagement.Application\MeetingManagement.Application.csproj", "{FDFE72B5-AF90-4858-B5D9-C2CCC416729E}"
EndProject
Project("{9A19103F-16F7-4668-BE54-9A1E7A4F7556}") = "MeetingManagement.Core", "MeetingManagement.Core\MeetingManagement.Core.csproj", "{50D8E8C0-E3CB-4ED9-BB7D-350060EF8BC8}"
EndProject
Project("{2150E333-8FDC-42A3-9474-1A3956D46DE8}") = "MeetingManagement.Tests", "MeetingManagement.Tests", "{B18F0B5A-20D6-477F-8727-783AFB6137CF}"
EndProject
Project("{FAE04EC0-301F-11D3-BF4B-00C04F79EFBC}") = "MeetingsManagement.UnitTests", "MeetingsManagement.UnitTests\MeetingsManagement.UnitTests.csproj", "{D867FB87-3755-4A71-A5DA-6A6CE7242543}"
EndProject
Project("{FAE04EC0-301F-11D3-BF4B-00C04F79EFBC}") = "MeetingManagement.Persistence", "MeetingManagement.Persistence\MeetingManagement.Persistence.csproj", "{C5B45263-5C18-4EE7-BFDE-4D33A6CE5316}"
EndProject
Global
	GlobalSection(SolutionConfigurationPlatforms) = preSolution
		Debug|Any CPU = Debug|Any CPU
		Release|Any CPU = Release|Any CPU
	EndGlobalSection
	GlobalSection(ProjectConfigurationPlatforms) = postSolution
		{9301EDD7-407F-4DF9-8E67-18E092076D85}.Debug|Any CPU.ActiveCfg = Debug|Any CPU
		{9301EDD7-407F-4DF9-8E67-18E092076D85}.Debug|Any CPU.Build.0 = Debug|Any CPU
		{9301EDD7-407F-4DF9-8E67-18E092076D85}.Release|Any CPU.ActiveCfg = Release|Any CPU
		{9301EDD7-407F-4DF9-8E67-18E092076D85}.Release|Any CPU.Build.0 = Release|Any CPU
		{FDFE72B5-AF90-4858-B5D9-C2CCC416729E}.Debug|Any CPU.ActiveCfg = Debug|Any CPU
		{FDFE72B5-AF90-4858-B5D9-C2CCC416729E}.Debug|Any CPU.Build.0 = Debug|Any CPU
		{FDFE72B5-AF90-4858-B5D9-C2CCC416729E}.Release|Any CPU.ActiveCfg = Release|Any CPU
		{FDFE72B5-AF90-4858-B5D9-C2CCC416729E}.Release|Any CPU.Build.0 = Release|Any CPU
		{50D8E8C0-E3CB-4ED9-BB7D-350060EF8BC8}.Debug|Any CPU.ActiveCfg = Debug|Any CPU
		{50D8E8C0-E3CB-4ED9-BB7D-350060EF8BC8}.Debug|Any CPU.Build.0 = Debug|Any CPU
		{50D8E8C0-E3CB-4ED9-BB7D-350060EF8BC8}.Release|Any CPU.ActiveCfg = Release|Any CPU
		{50D8E8C0-E3CB-4ED9-BB7D-350060EF8BC8}.Release|Any CPU.Build.0 = Release|Any CPU
		{D867FB87-3755-4A71-A5DA-6A6CE7242543}.Debug|Any CPU.ActiveCfg = Debug|Any CPU
		{D867FB87-3755-4A71-A5DA-6A6CE7242543}.Debug|Any CPU.Build.0 = Debug|Any CPU
		{D867FB87-3755-4A71-A5DA-6A6CE7242543}.Release|Any CPU.ActiveCfg = Release|Any CPU
		{D867FB87-3755-4A71-A5DA-6A6CE7242543}.Release|Any CPU.Build.0 = Release|Any CPU
		{C5B45263-5C18-4EE7-BFDE-4D33A6CE5316}.Debug|Any CPU.ActiveCfg = Debug|Any CPU
		{C5B45263-5C18-4EE7-BFDE-4D33A6CE5316}.Debug|Any CPU.Build.0 = Debug|Any CPU
		{C5B45263-5C18-4EE7-BFDE-4D33A6CE5316}.Release|Any CPU.ActiveCfg = Release|Any CPU
		{C5B45263-5C18-4EE7-BFDE-4D33A6CE5316}.Release|Any CPU.Build.0 = Release|Any CPU
	EndGlobalSection
	GlobalSection(SolutionProperties) = preSolution
		HideSolutionNode = FALSE
	EndGlobalSection
	GlobalSection(NestedProjects) = preSolution
		{D867FB87-3755-4A71-A5DA-6A6CE7242543} = {B18F0B5A-20D6-477F-8727-783AFB6137CF}
	EndGlobalSection
	GlobalSection(ExtensibilityGlobals) = postSolution
		SolutionGuid = {F70A1FEA-7E6B-42D9-97B3-2762589E4FBB}
	EndGlobalSection
EndGlobal
